// !$*UTF8*$!
{
	archiveVersion = 1;
	classes = {
	};
	objectVersion = 50;
	objects = {

/* Begin PBXBuildFile section */
		177D97F3243CD2EC0021C386 /* AppDelegate.swift in Sources */ = {isa = PBXBuildFile; fileRef = 177D97F2243CD2EC0021C386 /* AppDelegate.swift */; };
		177D97F5243CD2EC0021C386 /* SceneDelegate.swift in Sources */ = {isa = PBXBuildFile; fileRef = 177D97F4243CD2EC0021C386 /* SceneDelegate.swift */; };
		177D97FD243CD2EC0021C386 /* VinodTaskProject.xcdatamodeld in Sources */ = {isa = PBXBuildFile; fileRef = 177D97FB243CD2EC0021C386 /* VinodTaskProject.xcdatamodeld */; };
		177D97FF243CD2EE0021C386 /* Assets.xcassets in Resources */ = {isa = PBXBuildFile; fileRef = 177D97FE243CD2EE0021C386 /* Assets.xcassets */; };
		177D9802243CD2EE0021C386 /* LaunchScreen.storyboard in Resources */ = {isa = PBXBuildFile; fileRef = 177D9800243CD2EE0021C386 /* LaunchScreen.storyboard */; };
		177D980D243CD2EE0021C386 /* VinodTaskProjectTests.swift in Sources */ = {isa = PBXBuildFile; fileRef = 177D980C243CD2EE0021C386 /* VinodTaskProjectTests.swift */; };
		177D9818243CD2EF0021C386 /* VinodTaskProjectUITests.swift in Sources */ = {isa = PBXBuildFile; fileRef = 177D9817243CD2EF0021C386 /* VinodTaskProjectUITests.swift */; };
		177D9828243CD3200021C386 /* TableViewController.swift in Sources */ = {isa = PBXBuildFile; fileRef = 177D9825243CD31F0021C386 /* TableViewController.swift */; };
		177D9829243CD3200021C386 /* ItemTableViewCell.swift in Sources */ = {isa = PBXBuildFile; fileRef = 177D9826243CD31F0021C386 /* ItemTableViewCell.swift */; };
		177D982A243CD3200021C386 /* WebViewController.swift in Sources */ = {isa = PBXBuildFile; fileRef = 177D9827243CD3200021C386 /* WebViewController.swift */; };
		177D982E243CD3470021C386 /* Main.storyboard in Resources */ = {isa = PBXBuildFile; fileRef = 177D982D243CD3470021C386 /* Main.storyboard */; };
		177D9830243CD60A0021C386 /* likes.png in Resources */ = {isa = PBXBuildFile; fileRef = 177D982F243CD5FB0021C386 /* likes.png */; };
/* End PBXBuildFile section */

/* Begin PBXContainerItemProxy section */
		177D9809243CD2EE0021C386 /* PBXContainerItemProxy */ = {
			isa = PBXContainerItemProxy;
			containerPortal = 177D97E7243CD2EC0021C386 /* Project object */;
			proxyType = 1;
			remoteGlobalIDString = 177D97EE243CD2EC0021C386;
			remoteInfo = VinodTaskProject;
		};
		177D9814243CD2EF0021C386 /* PBXContainerItemProxy */ = {
			isa = PBXContainerItemProxy;
			containerPortal = 177D97E7243CD2EC0021C386 /* Project object */;
			proxyType = 1;
			remoteGlobalIDString = 177D97EE243CD2EC0021C386;
			remoteInfo = VinodTaskProject;
		};
/* End PBXContainerItemProxy section */

/* Begin PBXFileReference section */
		177D97EF243CD2EC0021C386 /* VinodTaskProject.app */ = {isa = PBXFileReference; explicitFileType = wrapper.application; includeInIndex = 0; path = VinodTaskProject.app; sourceTree = BUILT_PRODUCTS_DIR; };
		177D97F2243CD2EC0021C386 /* AppDelegate.swift */ = {isa = PBXFileReference; lastKnownFileType = sourcecode.swift; path = AppDelegate.swift; sourceTree = "<group>"; };
		177D97F4243CD2EC0021C386 /* SceneDelegate.swift */ = {isa = PBXFileReference; lastKnownFileType = sourcecode.swift; path = SceneDelegate.swift; sourceTree = "<group>"; };
		177D97FC243CD2EC0021C386 /* VinodTaskProject.xcdatamodel */ = {isa = PBXFileReference; lastKnownFileType = wrapper.xcdatamodel; path = VinodTaskProject.xcdatamodel; sourceTree = "<group>"; };
		177D97FE243CD2EE0021C386 /* Assets.xcassets */ = {isa = PBXFileReference; lastKnownFileType = folder.assetcatalog; path = Assets.xcassets; sourceTree = "<group>"; };
		177D9801243CD2EE0021C386 /* Base */ = {isa = PBXFileReference; lastKnownFileType = file.storyboard; name = Base; path = Base.lproj/LaunchScreen.storyboard; sourceTree = "<group>"; };
		177D9803243CD2EE0021C386 /* Info.plist */ = {isa = PBXFileReference; lastKnownFileType = text.plist.xml; path = Info.plist; sourceTree = "<group>"; };
		177D9808243CD2EE0021C386 /* VinodTaskProjectTests.xctest */ = {isa = PBXFileReference; explicitFileType = wrapper.cfbundle; includeInIndex = 0; path = VinodTaskProjectTests.xctest; sourceTree = BUILT_PRODUCTS_DIR; };
		177D980C243CD2EE0021C386 /* VinodTaskProjectTests.swift */ = {isa = PBXFileReference; lastKnownFileType = sourcecode.swift; path = VinodTaskProjectTests.swift; sourceTree = "<group>"; };
		177D980E243CD2EE0021C386 /* Info.plist */ = {isa = PBXFileReference; lastKnownFileType = text.plist.xml; path = Info.plist; sourceTree = "<group>"; };
		177D9813243CD2EF0021C386 /* VinodTaskProjectUITests.xctest */ = {isa = PBXFileReference; explicitFileType = wrapper.cfbundle; includeInIndex = 0; path = VinodTaskProjectUITests.xctest; sourceTree = BUILT_PRODUCTS_DIR; };
		177D9817243CD2EF0021C386 /* VinodTaskProjectUITests.swift */ = {isa = PBXFileReference; lastKnownFileType = sourcecode.swift; path = VinodTaskProjectUITests.swift; sourceTree = "<group>"; };
		177D9819243CD2EF0021C386 /* Info.plist */ = {isa = PBXFileReference; lastKnownFileType = text.plist.xml; path = Info.plist; sourceTree = "<group>"; };
		177D9825243CD31F0021C386 /* TableViewController.swift */ = {isa = PBXFileReference; fileEncoding = 4; lastKnownFileType = sourcecode.swift; path = TableViewController.swift; sourceTree = "<group>"; };
		177D9826243CD31F0021C386 /* ItemTableViewCell.swift */ = {isa = PBXFileReference; fileEncoding = 4; lastKnownFileType = sourcecode.swift; path = ItemTableViewCell.swift; sourceTree = "<group>"; };
		177D9827243CD3200021C386 /* WebViewController.swift */ = {isa = PBXFileReference; fileEncoding = 4; lastKnownFileType = sourcecode.swift; path = WebViewController.swift; sourceTree = "<group>"; };
		177D982D243CD3470021C386 /* Main.storyboard */ = {isa = PBXFileReference; fileEncoding = 4; lastKnownFileType = file.storyboard; path = Main.storyboard; sourceTree = "<group>"; };
		177D982F243CD5FB0021C386 /* likes.png */ = {isa = PBXFileReference; lastKnownFileType = image.png; path = likes.png; sourceTree = "<group>"; };
/* End PBXFileReference section */

/* Begin PBXFrameworksBuildPhase section */
		177D97EC243CD2EC0021C386 /* Frameworks */ = {
			isa = PBXFrameworksBuildPhase;
			buildActionMask = 2147483647;
			files = (
			);
			runOnlyForDeploymentPostprocessing = 0;
		};
		177D9805243CD2EE0021C386 /* Frameworks */ = {
			isa = PBXFrameworksBuildPhase;
			buildActionMask = 2147483647;
			files = (
			);
			runOnlyForDeploymentPostprocessing = 0;
		};
		177D9810243CD2EF0021C386 /* Frameworks */ = {
			isa = PBXFrameworksBuildPhase;
			buildActionMask = 2147483647;
			files = (
			);
			runOnlyForDeploymentPostprocessing = 0;
		};
/* End PBXFrameworksBuildPhase section */

/* Begin PBXGroup section */
		177D97E6243CD2EC0021C386 = {
			isa = PBXGroup;
			children = (
				177D97F1243CD2EC0021C386 /* VinodTaskProject */,
				177D980B243CD2EE0021C386 /* VinodTaskProjectTests */,
				177D9816243CD2EF0021C386 /* VinodTaskProjectUITests */,
				177D97F0243CD2EC0021C386 /* Products */,
			);
			sourceTree = "<group>";
		};
		177D97F0243CD2EC0021C386 /* Products */ = {
			isa = PBXGroup;
			children = (
				177D97EF243CD2EC0021C386 /* VinodTaskProject.app */,
				177D9808243CD2EE0021C386 /* VinodTaskProjectTests.xctest */,
				177D9813243CD2EF0021C386 /* VinodTaskProjectUITests.xctest */,
			);
			name = Products;
			sourceTree = "<group>";
		};
		177D97F1243CD2EC0021C386 /* VinodTaskProject */ = {
			isa = PBXGroup;
			children = (
				177D97F2243CD2EC0021C386 /* AppDelegate.swift */,
				177D97F4243CD2EC0021C386 /* SceneDelegate.swift */,
				177D9825243CD31F0021C386 /* TableViewController.swift */,
				177D9826243CD31F0021C386 /* ItemTableViewCell.swift */,
				177D9827243CD3200021C386 /* WebViewController.swift */,
				177D982F243CD5FB0021C386 /* likes.png */,
				177D982D243CD3470021C386 /* Main.storyboard */,
				177D97FE243CD2EE0021C386 /* Assets.xcassets */,
				177D9800243CD2EE0021C386 /* LaunchScreen.storyboard */,
				177D9803243CD2EE0021C386 /* Info.plist */,
				177D97FB243CD2EC0021C386 /* VinodTaskProject.xcdatamodeld */,
			);
			path = VinodTaskProject;
			sourceTree = "<group>";
		};
		177D980B243CD2EE0021C386 /* VinodTaskProjectTests */ = {
			isa = PBXGroup;
			children = (
				177D980C243CD2EE0021C386 /* VinodTaskProjectTests.swift */,
				177D980E243CD2EE0021C386 /* Info.plist */,
			);
			path = VinodTaskProjectTests;
			sourceTree = "<group>";
		};
		177D9816243CD2EF0021C386 /* VinodTaskProjectUITests */ = {
			isa = PBXGroup;
			children = (
				177D9817243CD2EF0021C386 /* VinodTaskProjectUITests.swift */,
				177D9819243CD2EF0021C386 /* Info.plist */,
			);
			path = VinodTaskProjectUITests;
			sourceTree = "<group>";
		};
/* End PBXGroup section */

/* Begin PBXNativeTarget section */
		177D97EE243CD2EC0021C386 /* VinodTaskProject */ = {
			isa = PBXNativeTarget;
			buildConfigurationList = 177D981C243CD2EF0021C386 /* Build configuration list for PBXNativeTarget "VinodTaskProject" */;
			buildPhases = (
				177D97EB243CD2EC0021C386 /* Sources */,
				177D97EC243CD2EC0021C386 /* Frameworks */,
				177D97ED243CD2EC0021C386 /* Resources */,
			);
			buildRules = (
			);
			dependencies = (
			);
			name = VinodTaskProject;
			productName = VinodTaskProject;
			productReference = 177D97EF243CD2EC0021C386 /* VinodTaskProject.app */;
			productType = "com.apple.product-type.application";
		};
		177D9807243CD2EE0021C386 /* VinodTaskProjectTests */ = {
			isa = PBXNativeTarget;
			buildConfigurationList = 177D981F243CD2EF0021C386 /* Build configuration list for PBXNativeTarget "VinodTaskProjectTests" */;
			buildPhases = (
				177D9804243CD2EE0021C386 /* Sources */,
				177D9805243CD2EE0021C386 /* Frameworks */,
				177D9806243CD2EE0021C386 /* Resources */,
			);
			buildRules = (
			);
			dependencies = (
				177D980A243CD2EE0021C386 /* PBXTargetDependency */,
			);
			name = VinodTaskProjectTests;
			productName = VinodTaskProjectTests;
			productReference = 177D9808243CD2EE0021C386 /* VinodTaskProjectTests.xctest */;
			productType = "com.apple.product-type.bundle.unit-test";
		};
		177D9812243CD2EF0021C386 /* VinodTaskProjectUITests */ = {
			isa = PBXNativeTarget;
			buildConfigurationList = 177D9822243CD2EF0021C386 /* Build configuration list for PBXNativeTarget "VinodTaskProjectUITests" */;
			buildPhases = (
				177D980F243CD2EF0021C386 /* Sources */,
				177D9810243CD2EF0021C386 /* Frameworks */,
				177D9811243CD2EF0021C386 /* Resources */,
			);
			buildRules = (
			);
			dependencies = (
				177D9815243CD2EF0021C386 /* PBXTargetDependency */,
			);
			name = VinodTaskProjectUITests;
			productName = VinodTaskProjectUITests;
			productReference = 177D9813243CD2EF0021C386 /* VinodTaskProjectUITests.xctest */;
			productType = "com.apple.product-type.bundle.ui-testing";
		};
/* End PBXNativeTarget section */

/* Begin PBXProject section */
		177D97E7243CD2EC0021C386 /* Project object */ = {
			isa = PBXProject;
			attributes = {
				LastSwiftUpdateCheck = 1130;
				LastUpgradeCheck = 1130;
				ORGANIZATIONNAME = "Vinod K";
				TargetAttributes = {
					177D97EE243CD2EC0021C386 = {
						CreatedOnToolsVersion = 11.3.1;
					};
					177D9807243CD2EE0021C386 = {
						CreatedOnToolsVersion = 11.3.1;
						TestTargetID = 177D97EE243CD2EC0021C386;
					};
					177D9812243CD2EF0021C386 = {
						CreatedOnToolsVersion = 11.3.1;
						TestTargetID = 177D97EE243CD2EC0021C386;
					};
				};
			};
			buildConfigurationList = 177D97EA243CD2EC0021C386 /* Build configuration list for PBXProject "VinodTaskProject" */;
			compatibilityVersion = "Xcode 9.3";
			developmentRegion = en;
			hasScannedForEncodings = 0;
			knownRegions = (
				en,
				Base,
			);
			mainGroup = 177D97E6243CD2EC0021C386;
			productRefGroup = 177D97F0243CD2EC0021C386 /* Products */;
			projectDirPath = "";
			projectRoot = "";
			targets = (
				177D97EE243CD2EC0021C386 /* VinodTaskProject */,
				177D9807243CD2EE0021C386 /* VinodTaskProjectTests */,
				177D9812243CD2EF0021C386 /* VinodTaskProjectUITests */,
			);
		};
/* End PBXProject section */

/* Begin PBXResourcesBuildPhase section */
		177D97ED243CD2EC0021C386 /* Resources */ = {
			isa = PBXResourcesBuildPhase;
			buildActionMask = 2147483647;
			files = (
				177D9830243CD60A0021C386 /* likes.png in Resources */,
				177D9802243CD2EE0021C386 /* LaunchScreen.storyboard in Resources */,
				177D97FF243CD2EE0021C386 /* Assets.xcassets in Resources */,
				177D982E243CD3470021C386 /* Main.storyboard in Resources */,
			);
			runOnlyForDeploymentPostprocessing = 0;
		};
		177D9806243CD2EE0021C386 /* Resources */ = {
			isa = PBXResourcesBuildPhase;
			buildActionMask = 2147483647;
			files = (
			);
			runOnlyForDeploymentPostprocessing = 0;
		};
		177D9811243CD2EF0021C386 /* Resources */ = {
			isa = PBXResourcesBuildPhase;
			buildActionMask = 2147483647;
			files = (
			);
			runOnlyForDeploymentPostprocessing = 0;
		};
/* End PBXResourcesBuildPhase section */

/* Begin PBXSourcesBuildPhase section */
		177D97EB243CD2EC0021C386 /* Sources */ = {
			isa = PBXSourcesBuildPhase;
			buildActionMask = 2147483647;
			files = (
				177D97F3243CD2EC0021C386 /* AppDelegate.swift in Sources */,
				177D97F5243CD2EC0021C386 /* SceneDelegate.swift in Sources */,
				177D9828243CD3200021C386 /* TableViewController.swift in Sources */,
				177D982A243CD3200021C386 /* WebViewController.swift in Sources */,
				177D9829243CD3200021C386 /* ItemTableViewCell.swift in Sources */,
				177D97FD243CD2EC0021C386 /* VinodTaskProject.xcdatamodeld in Sources */,
			);
			runOnlyForDeploymentPostprocessing = 0;
		};
		177D9804243CD2EE0021C386 /* Sources */ = {
			isa = PBXSourcesBuildPhase;
			buildActionMask = 2147483647;
			files = (
				177D980D243CD2EE0021C386 /* VinodTaskProjectTests.swift in Sources */,
			);
			runOnlyForDeploymentPostprocessing = 0;
		};
		177D980F243CD2EF0021C386 /* Sources */ = {
			isa = PBXSourcesBuildPhase;
			buildActionMask = 2147483647;
			files = (
				177D9818243CD2EF0021C386 /* VinodTaskProjectUITests.swift in Sources */,
			);
			runOnlyForDeploymentPostprocessing = 0;
		};
/* End PBXSourcesBuildPhase section */

/* Begin PBXTargetDependency section */
		177D980A243CD2EE0021C386 /* PBXTargetDependency */ = {
			isa = PBXTargetDependency;
			target = 177D97EE243CD2EC0021C386 /* VinodTaskProject */;
			targetProxy = 177D9809243CD2EE0021C386 /* PBXContainerItemProxy */;
		};
		177D9815243CD2EF0021C386 /* PBXTargetDependency */ = {
			isa = PBXTargetDependency;
			target = 177D97EE243CD2EC0021C386 /* VinodTaskProject */;
			targetProxy = 177D9814243CD2EF0021C386 /* PBXContainerItemProxy */;
		};
/* End PBXTargetDependency section */

/* Begin PBXVariantGroup section */
		177D9800243CD2EE0021C386 /* LaunchScreen.storyboard */ = {
			isa = PBXVariantGroup;
			children = (
				177D9801243CD2EE0021C386 /* Base */,
			);
			name = LaunchScreen.storyboard;
			sourceTree = "<group>";
		};
/* End PBXVariantGroup section */

/* Begin XCBuildConfiguration section */
		177D981A243CD2EF0021C386 /* Debug */ = {
			isa = XCBuildConfiguration;
			buildSettings = {
				ALWAYS_SEARCH_USER_PATHS = NO;
				CLANG_ANALYZER_NONNULL = YES;
				CLANG_ANALYZER_NUMBER_OBJECT_CONVERSION = YES_AGGRESSIVE;
				CLANG_CXX_LANGUAGE_STANDARD = "gnu++14";
				CLANG_CXX_LIBRARY = "libc++";
				CLANG_ENABLE_MODULES = YES;
				CLANG_ENABLE_OBJC_ARC = YES;
				CLANG_ENABLE_OBJC_WEAK = YES;
				CLANG_WARN_BLOCK_CAPTURE_AUTORELEASING = YES;
				CLANG_WARN_BOOL_CONVERSION = YES;
				CLANG_WARN_COMMA = YES;
				CLANG_WARN_CONSTANT_CONVERSION = YES;
				CLANG_WARN_DEPRECATED_OBJC_IMPLEMENTATIONS = YES;
				CLANG_WARN_DIRECT_OBJC_ISA_USAGE = YES_ERROR;
				CLANG_WARN_DOCUMENTATION_COMMENTS = YES;
				CLANG_WARN_EMPTY_BODY = YES;
				CLANG_WARN_ENUM_CONVERSION = YES;
				CLANG_WARN_INFINITE_RECURSION = YES;
				CLANG_WARN_INT_CONVERSION = YES;
				CLANG_WARN_NON_LITERAL_NULL_CONVERSION = YES;
				CLANG_WARN_OBJC_IMPLICIT_RETAIN_SELF = YES;
				CLANG_WARN_OBJC_LITERAL_CONVERSION = YES;
				CLANG_WARN_OBJC_ROOT_CLASS = YES_ERROR;
				CLANG_WARN_RANGE_LOOP_ANALYSIS = YES;
				CLANG_WARN_STRICT_PROTOTYPES = YES;
				CLANG_WARN_SUSPICIOUS_MOVE = YES;
				CLANG_WARN_UNGUARDED_AVAILABILITY = YES_AGGRESSIVE;
				CLANG_WARN_UNREACHABLE_CODE = YES;
				CLANG_WARN__DUPLICATE_METHOD_MATCH = YES;
				COPY_PHASE_STRIP = NO;
				DEBUG_INFORMATION_FORMAT = dwarf;
				ENABLE_STRICT_OBJC_MSGSEND = YES;
				ENABLE_TESTABILITY = YES;
				GCC_C_LANGUAGE_STANDARD = gnu11;
				GCC_DYNAMIC_NO_PIC = NO;
				GCC_NO_COMMON_BLOCKS = YES;
				GCC_OPTIMIZATION_LEVEL = 0;
				GCC_PREPROCESSOR_DEFINITIONS = (
					"DEBUG=1",
					"$(inherited)",
				);
				GCC_WARN_64_TO_32_BIT_CONVERSION = YES;
				GCC_WARN_ABOUT_RETURN_TYPE = YES_ERROR;
				GCC_WARN_UNDECLARED_SELECTOR = YES;
				GCC_WARN_UNINITIALIZED_AUTOS = YES_AGGRESSIVE;
				GCC_WARN_UNUSED_FUNCTION = YES;
				GCC_WARN_UNUSED_VARIABLE = YES;
				IPHONEOS_DEPLOYMENT_TARGET = 13.2;
				MTL_ENABLE_DEBUG_INFO = INCLUDE_SOURCE;
				MTL_FAST_MATH = YES;
				ONLY_ACTIVE_ARCH = YES;
				SDKROOT = iphoneos;
				SWIFT_ACTIVE_COMPILATION_CONDITIONS = DEBUG;
				SWIFT_OPTIMIZATION_LEVEL = "-Onone";
			};
			name = Debug;
		};
		177D981B243CD2EF0021C386 /* Release */ = {
			isa = XCBuildConfiguration;
			buildSettings = {
				ALWAYS_SEARCH_USER_PATHS = NO;
				CLANG_ANALYZER_NONNULL = YES;
				CLANG_ANALYZER_NUMBER_OBJECT_CONVERSION = YES_AGGRESSIVE;
				CLANG_CXX_LANGUAGE_STANDARD = "gnu++14";
				CLANG_CXX_LIBRARY = "libc++";
				CLANG_ENABLE_MODULES = YES;
				CLANG_ENABLE_OBJC_ARC = YES;
				CLANG_ENABLE_OBJC_WEAK = YES;
				CLANG_WARN_BLOCK_CAPTURE_AUTORELEASING = YES;
				CLANG_WARN_BOOL_CONVERSION = YES;
				CLANG_WARN_COMMA = YES;
				CLANG_WARN_CONSTANT_CONVERSION = YES;
				CLANG_WARN_DEPRECATED_OBJC_IMPLEMENTATIONS = YES;
				CLANG_WARN_DIRECT_OBJC_ISA_USAGE = YES_ERROR;
				CLANG_WARN_DOCUMENTATION_COMMENTS = YES;
				CLANG_WARN_EMPTY_BODY = YES;
				CLANG_WARN_ENUM_CONVERSION = YES;
				CLANG_WARN_INFINITE_RECURSION = YES;
				CLANG_WARN_INT_CONVERSION = YES;
				CLANG_WARN_NON_LITERAL_NULL_CONVERSION = YES;
				CLANG_WARN_OBJC_IMPLICIT_RETAIN_SELF = YES;
				CLANG_WARN_OBJC_LITERAL_CONVERSION = YES;
				CLANG_WARN_OBJC_ROOT_CLASS = YES_ERROR;
				CLANG_WARN_RANGE_LOOP_ANALYSIS = YES;
				CLANG_WARN_STRICT_PROTOTYPES = YES;
				CLANG_WARN_SUSPICIOUS_MOVE = YES;
				CLANG_WARN_UNGUARDED_AVAILABILITY = YES_AGGRESSIVE;
				CLANG_WARN_UNREACHABLE_CODE = YES;
				CLANG_WARN__DUPLICATE_METHOD_MATCH = YES;
				COPY_PHASE_STRIP = NO;
				DEBUG_INFORMATION_FORMAT = "dwarf-with-dsym";
				ENABLE_NS_ASSERTIONS = NO;
				ENABLE_STRICT_OBJC_MSGSEND = YES;
				GCC_C_LANGUAGE_STANDARD = gnu11;
				GCC_NO_COMMON_BLOCKS = YES;
				GCC_WARN_64_TO_32_BIT_CONVERSION = YES;
				GCC_WARN_ABOUT_RETURN_TYPE = YES_ERROR;
				GCC_WARN_UNDECLARED_SELECTOR = YES;
				GCC_WARN_UNINITIALIZED_AUTOS = YES_AGGRESSIVE;
				GCC_WARN_UNUSED_FUNCTION = YES;
				GCC_WARN_UNUSED_VARIABLE = YES;
				IPHONEOS_DEPLOYMENT_TARGET = 13.2;
				MTL_ENABLE_DEBUG_INFO = NO;
				MTL_FAST_MATH = YES;
				SDKROOT = iphoneos;
				SWIFT_COMPILATION_MODE = wholemodule;
				SWIFT_OPTIMIZATION_LEVEL = "-O";
				VALIDATE_PRODUCT = YES;
			};
			name = Release;
		};
		177D981D243CD2EF0021C386 /* Debug */ = {
			isa = XCBuildConfiguration;
			buildSettings = {
				ASSETCATALOG_COMPILER_APPICON_NAME = AppIcon;
				CODE_SIGN_STYLE = Automatic;
				DEVELOPMENT_TEAM = 745QD3SDFN;
				INFOPLIST_FILE = VinodTaskProject/Info.plist;
				LD_RUNPATH_SEARCH_PATHS = (
					"$(inherited)",
					"@executable_path/Frameworks",
				);
				PRODUCT_BUNDLE_IDENTIFIER = com.tvisha.VinodTaskProject;
				PRODUCT_NAME = "$(TARGET_NAME)";
				SWIFT_VERSION = 5.0;
				TARGETED_DEVICE_FAMILY = "1,2";
			};
			name = Debug;
		};
		177D981E243CD2EF0021C386 /* Release */ = {
			isa = XCBuildConfiguration;
			buildSettings = {
				ASSETCATALOG_COMPILER_APPICON_NAME = AppIcon;
				CODE_SIGN_STYLE = Automatic;
				DEVELOPMENT_TEAM = 745QD3SDFN;
				INFOPLIST_FILE = VinodTaskProject/Info.plist;
				LD_RUNPATH_SEARCH_PATHS = (
					"$(inherited)",
					"@executable_path/Frameworks",
				);
				PRODUCT_BUNDLE_IDENTIFIER = com.tvisha.VinodTaskProject;
				PRODUCT_NAME = "$(TARGET_NAME)";
				SWIFT_VERSION = 5.0;
				TARGETED_DEVICE_FAMILY = "1,2";
			};
			name = Release;
		};
		177D9820243CD2EF0021C386 /* Debug */ = {
			isa = XCBuildConfiguration;
			buildSettings = {
				ALWAYS_EMBED_SWIFT_STANDARD_LIBRARIES = YES;
				BUNDLE_LOADER = "$(TEST_HOST)";
				CODE_SIGN_STYLE = Automatic;
				DEVELOPMENT_TEAM = 745QD3SDFN;
				INFOPLIST_FILE = VinodTaskProjectTests/Info.plist;
				IPHONEOS_DEPLOYMENT_TARGET = 13.2;
				LD_RUNPATH_SEARCH_PATHS = (
					"$(inherited)",
					"@executable_path/Frameworks",
					"@loader_path/Frameworks",
				);
				PRODUCT_BUNDLE_IDENTIFIER = com.tvisha.VinodTaskProjectTests;
				PRODUCT_NAME = "$(TARGET_NAME)";
				SWIFT_VERSION = 5.0;
				TARGETED_DEVICE_FAMILY = "1,2";
				TEST_HOST = "$(BUILT_PRODUCTS_DIR)/VinodTaskProject.app/VinodTaskProject";
			};
			name = Debug;
		};
		177D9821243CD2EF0021C386 /* Release */ = {
			isa = XCBuildConfiguration;
			buildSettings = {
				ALWAYS_EMBED_SWIFT_STANDARD_LIBRARIES = YES;
				BUNDLE_LOADER = "$(TEST_HOST)";
				CODE_SIGN_STYLE = Automatic;
				DEVELOPMENT_TEAM = 745QD3SDFN;
				INFOPLIST_FILE = VinodTaskProjectTests/Info.plist;
				IPHONEOS_DEPLOYMENT_TARGET = 13.2;
				LD_RUNPATH_SEARCH_PATHS = (
					"$(inherited)",
					"@executable_path/Frameworks",
					"@loader_path/Frameworks",
				);
				PRODUCT_BUNDLE_IDENTIFIER = com.tvisha.VinodTaskProjectTests;
				PRODUCT_NAME = "$(TARGET_NAME)";
				SWIFT_VERSION = 5.0;
				TARGETED_DEVICE_FAMILY = "1,2";
				TEST_HOST = "$(BUILT_PRODUCTS_DIR)/VinodTaskProject.app/VinodTaskProject";
			};
			name = Release;
		};
		177D9823243CD2EF0021C386 /* Debug */ = {
			isa = XCBuildConfiguration;
			buildSettings = {
				ALWAYS_EMBED_SWIFT_STANDARD_LIBRARIES = YES;
				CODE_SIGN_STYLE = Automatic;
				DEVELOPMENT_TEAM = 745QD3SDFN;
				INFOPLIST_FILE = VinodTaskProjectUITests/Info.plist;
				LD_RUNPATH_SEARCH_PATHS = (
					"$(inherited)",
					"@executable_path/Frameworks",
					"@loader_path/Frameworks",
				);
				PRODUCT_BUNDLE_IDENTIFIER = com.tvisha.VinodTaskProjectUITests;
				PRODUCT_NAME = "$(TARGET_NAME)";
				SWIFT_VERSION = 5.0;
				TARGETED_DEVICE_FAMILY = "1,2";
				TEST_TARGET_NAME = VinodTaskProject;
			};
			name = Debug;
		};
		177D9824243CD2EF0021C386 /* Release */ = {
			isa = XCBuildConfiguration;
			buildSettings = {
				ALWAYS_EMBED_SWIFT_STANDARD_LIBRARIES = YES;
				CODE_SIGN_STYLE = Automatic;
				DEVELOPMENT_TEAM = 745QD3SDFN;
				INFOPLIST_FILE = VinodTaskProjectUITests/Info.plist;
				LD_RUNPATH_SEARCH_PATHS = (
					"$(inherited)",
					"@executable_path/Frameworks",
					"@loader_path/Frameworks",
				);
				PRODUCT_BUNDLE_IDENTIFIER = com.tvisha.VinodTaskProjectUITests;
				PRODUCT_NAME = "$(TARGET_NAME)";
				SWIFT_VERSION = 5.0;
				TARGETED_DEVICE_FAMILY = "1,2";
				TEST_TARGET_NAME = VinodTaskProject;
			};
			name = Release;
		};
/* End XCBuildConfiguration section */

/* Begin XCConfigurationList section */
		177D97EA243CD2EC0021C386 /* Build configuration list for PBXProject "VinodTaskProject" */ = {
			isa = XCConfigurationList;
			buildConfigurations = (
				177D981A243CD2EF0021C386 /* Debug */,
				177D981B243CD2EF0021C386 /* Release */,
			);
			defaultConfigurationIsVisible = 0;
			defaultConfigurationName = Release;
		};
		177D981C243CD2EF0021C386 /* Build configuration list for PBXNativeTarget "VinodTaskProject" */ = {
			isa = XCConfigurationList;
			buildConfigurations = (
				177D981D243CD2EF0021C386 /* Debug */,
				177D981E243CD2EF0021C386 /* Release */,
			);
			defaultConfigurationIsVisible = 0;
			defaultConfigurationName = Release;
		};
		177D981F243CD2EF0021C386 /* Build configuration list for PBXNativeTarget "VinodTaskProjectTests" */ = {
			isa = XCConfigurationList;
			buildConfigurations = (
				177D9820243CD2EF0021C386 /* Debug */,
				177D9821243CD2EF0021C386 /* Release */,
			);
			defaultConfigurationIsVisible = 0;
			defaultConfigurationName = Release;
		};
		177D9822243CD2EF0021C386 /* Build configuration list for PBXNativeTarget "VinodTaskProjectUITests" */ = {
			isa = XCConfigurationList;
			buildConfigurations = (
				177D9823243CD2EF0021C386 /* Debug */,
				177D9824243CD2EF0021C386 /* Release */,
			);
			defaultConfigurationIsVisible = 0;
			defaultConfigurationName = Release;
		};
/* End XCConfigurationList section */

/* Begin XCVersionGroup section */
		177D97FB243CD2EC0021C386 /* VinodTaskProject.xcdatamodeld */ = {
			isa = XCVersionGroup;
			children = (
				177D97FC243CD2EC0021C386 /* VinodTaskProject.xcdatamodel */,
			);
			currentVersion = 177D97FC243CD2EC0021C386 /* VinodTaskProject.xcdatamodel */;
			path = VinodTaskProject.xcdatamodeld;
			sourceTree = "<group>";
			versionGroupType = wrapper.xcdatamodel;
		};
/* End XCVersionGroup section */
	};
	rootObject = 177D97E7243CD2EC0021C386 /* Project object */;
}
